
Microsoft Visual Studio Solution File, Format Version 12.00
# Visual Studio Version 17
VisualStudioVersion = 17.14.36603.0 d17.14
MinimumVisualStudioVersion = 10.0.40219.1
Project("{2150E333-8FDC-42A3-9474-1A3956D46DE8}") = "Task0", "Task0", "{02EA681E-C7D8-13C7-8484-4AC65E1B71E8}"
EndProject
Project("{FAE04EC0-301F-11D3-BF4B-00C04F79EFBC}") = "Tyuiu.AymurzinaJV.Sprint3.Task0.V2", "Tyuiu.AymurzinaJV.Sprint3.Task0.V2\Tyuiu.AymurzinaJV.Sprint3.Task0.V2.csproj", "{88B4FC5A-7C17-402F-B2F8-649401129EE0}"
EndProject
Project("{FAE04EC0-301F-11D3-BF4B-00C04F79EFBC}") = "Tyuiu.AymurzinaJV.Sprint3.Task0.V2.Lib", "Tyuiu.AymurzinaJV.Sprint3.Task0.V2.Lib\Tyuiu.AymurzinaJV.Sprint3.Task0.V2.Lib.csproj", "{EF878CB7-5674-434D-BB22-6560E1970EBB}"
EndProject
Project("{FAE04EC0-301F-11D3-BF4B-00C04F79EFBC}") = "Tyuiu.AymurzinaJV.Sprint3.Task0.V2.Test", "Tyuiu.AymurzinaJV.Sprint3.Task0.V2.Test\Tyuiu.AymurzinaJV.Sprint3.Task0.V2.Test.csproj", "{B0A55D07-F2A2-42F8-9EED-675DB5263CE7}"
EndProject
Project("{2150E333-8FDC-42A3-9474-1A3956D46DE8}") = "Task1", "Task1", "{8FE19045-A49E-4AC9-8A1D-936D4FC5A95F}"
EndProject
Project("{FAE04EC0-301F-11D3-BF4B-00C04F79EFBC}") = "Tyuiu.AymurzinaJV.Sprint3.Task1.V16", "Tyuiu.AymurzinaJV.Sprint3.Task1.V16\Tyuiu.AymurzinaJV.Sprint3.Task1.V16.csproj", "{F7C5EF4E-E9E4-4168-8DF3-AC40ADCCDAD9}"
EndProject
Project("{FAE04EC0-301F-11D3-BF4B-00C04F79EFBC}") = "Tyuiu.AymurzinaJV.Sprint3.Task1.V16.Lib", "Tyuiu.AymurzinaJV.Sprint3.Task1.V16.Lib\Tyuiu.AymurzinaJV.Sprint3.Task1.V16.Lib.csproj", "{287B9FAE-9F79-4463-A5E5-EB9A61A1E977}"
EndProject
Project("{FAE04EC0-301F-11D3-BF4B-00C04F79EFBC}") = "Tyuiu.AymurzinaJV.Sprint3.Task1.V16.Test", "Tyuiu.AymurzinaJV.Sprint3.Task1.V16.Test\Tyuiu.AymurzinaJV.Sprint3.Task1.V16.Test.csproj", "{62B2658C-7285-44F9-9144-D5CEBF58EF6D}"
EndProject
Global
	GlobalSection(SolutionConfigurationPlatforms) = preSolution
		Debug|Any CPU = Debug|Any CPU
		Release|Any CPU = Release|Any CPU
	EndGlobalSection
	GlobalSection(ProjectConfigurationPlatforms) = postSolution
		{88B4FC5A-7C17-402F-B2F8-649401129EE0}.Debug|Any CPU.ActiveCfg = Debug|Any CPU
		{88B4FC5A-7C17-402F-B2F8-649401129EE0}.Debug|Any CPU.Build.0 = Debug|Any CPU
		{88B4FC5A-7C17-402F-B2F8-649401129EE0}.Release|Any CPU.ActiveCfg = Release|Any CPU
		{88B4FC5A-7C17-402F-B2F8-649401129EE0}.Release|Any CPU.Build.0 = Release|Any CPU
		{EF878CB7-5674-434D-BB22-6560E1970EBB}.Debug|Any CPU.ActiveCfg = Debug|Any CPU
		{EF878CB7-5674-434D-BB22-6560E1970EBB}.Debug|Any CPU.Build.0 = Debug|Any CPU
		{EF878CB7-5674-434D-BB22-6560E1970EBB}.Release|Any CPU.ActiveCfg = Release|Any CPU
		{EF878CB7-5674-434D-BB22-6560E1970EBB}.Release|Any CPU.Build.0 = Release|Any CPU
		{B0A55D07-F2A2-42F8-9EED-675DB5263CE7}.Debug|Any CPU.ActiveCfg = Debug|Any CPU
		{B0A55D07-F2A2-42F8-9EED-675DB5263CE7}.Debug|Any CPU.Build.0 = Debug|Any CPU
		{B0A55D07-F2A2-42F8-9EED-675DB5263CE7}.Release|Any CPU.ActiveCfg = Release|Any CPU
		{B0A55D07-F2A2-42F8-9EED-675DB5263CE7}.Release|Any CPU.Build.0 = Release|Any CPU
		{F7C5EF4E-E9E4-4168-8DF3-AC40ADCCDAD9}.Debug|Any CPU.ActiveCfg = Debug|Any CPU
		{F7C5EF4E-E9E4-4168-8DF3-AC40ADCCDAD9}.Debug|Any CPU.Build.0 = Debug|Any CPU
		{F7C5EF4E-E9E4-4168-8DF3-AC40ADCCDAD9}.Release|Any CPU.ActiveCfg = Release|Any CPU
		{F7C5EF4E-E9E4-4168-8DF3-AC40ADCCDAD9}.Release|Any CPU.Build.0 = Release|Any CPU
		{287B9FAE-9F79-4463-A5E5-EB9A61A1E977}.Debug|Any CPU.ActiveCfg = Debug|Any CPU
		{287B9FAE-9F79-4463-A5E5-EB9A61A1E977}.Debug|Any CPU.Build.0 = Debug|Any CPU
		{287B9FAE-9F79-4463-A5E5-EB9A61A1E977}.Release|Any CPU.ActiveCfg = Release|Any CPU
		{287B9FAE-9F79-4463-A5E5-EB9A61A1E977}.Release|Any CPU.Build.0 = Release|Any CPU
		{62B2658C-7285-44F9-9144-D5CEBF58EF6D}.Debug|Any CPU.ActiveCfg = Debug|Any CPU
		{62B2658C-7285-44F9-9144-D5CEBF58EF6D}.Debug|Any CPU.Build.0 = Debug|Any CPU
		{62B2658C-7285-44F9-9144-D5CEBF58EF6D}.Release|Any CPU.ActiveCfg = Release|Any CPU
		{62B2658C-7285-44F9-9144-D5CEBF58EF6D}.Release|Any CPU.Build.0 = Release|Any CPU
	EndGlobalSection
	GlobalSection(SolutionProperties) = preSolution
		HideSolutionNode = FALSE
	EndGlobalSection
	GlobalSection(NestedProjects) = preSolution
		{88B4FC5A-7C17-402F-B2F8-649401129EE0} = {02EA681E-C7D8-13C7-8484-4AC65E1B71E8}
		{EF878CB7-5674-434D-BB22-6560E1970EBB} = {02EA681E-C7D8-13C7-8484-4AC65E1B71E8}
		{B0A55D07-F2A2-42F8-9EED-675DB5263CE7} = {02EA681E-C7D8-13C7-8484-4AC65E1B71E8}
		{F7C5EF4E-E9E4-4168-8DF3-AC40ADCCDAD9} = {8FE19045-A49E-4AC9-8A1D-936D4FC5A95F}
		{287B9FAE-9F79-4463-A5E5-EB9A61A1E977} = {8FE19045-A49E-4AC9-8A1D-936D4FC5A95F}
		{62B2658C-7285-44F9-9144-D5CEBF58EF6D} = {8FE19045-A49E-4AC9-8A1D-936D4FC5A95F}
	EndGlobalSection
	GlobalSection(ExtensibilityGlobals) = postSolution
		SolutionGuid = {4984ADBA-DFE3-46F6-9B2D-8057D5BFFF17}
	EndGlobalSection
EndGlobal
